PODS:
  - BRCDropDown (0.1.0)
  - Masonry (1.1.0)
  - MBProgressHUD (1.2.0)
  - SDWebImage (5.18.3):
    - SDWebImage/Core (= 5.18.3)
  - SDWebImage/Core (5.18.3)
  - TTTAttributedLabel (2.0.0)
  - YYKit (1.0.9):
    - YYKit/no-arc (= 1.0.9)
  - YYKit/no-arc (1.0.9)

DEPENDENCIES:
  - BRCDropDown (from `../`)
  - Masonry
  - MBProgressHUD
  - SDWebImage
  - TTTAttributedLabel
  - YYKit

SPEC REPOS:
  trunk:
    - Masonry
    - MBProgressHUD
    - SDWebImage
    - TTTAttributedLabel
    - YYKit

EXTERNAL SOURCES:
  BRCDropDown:
    :path: "../"

SPEC CHECKSUMS:
  BRCDropDown: 6822dae242aa8ea6d0990f6a84890412b3ef4c38
  Masonry: 678fab65091a9290e40e2832a55e7ab731aad201
  MBProgressHUD: 3ee5efcc380f6a79a7cc9b363dd669c5e1ae7406
  SDWebImage: 96e0c18ef14010b7485210e92fac888587ebb958
  TTTAttributedLabel: 8cffe8e127e4e82ff3af1e5386d4cd0ad000b656
  YYKit: 7cda43304a8dc3696c449041e2cb3107b4e236e7

PODFILE CHECKSUM: 54e92d7fc7aa3caffd8a357945b02cf24bc9bc61

COCOAPODS: 1.10.1
